
Microsoft Visual Studio Solution File, Format Version 12.00
# Visual Studio Version 16
VisualStudioVersion = 16.0.28420.178
MinimumVisualStudioVersion = 10.0.40219.1
Project("{FAE04EC0-301F-11D3-BF4B-00C04F79EFBC}") = "TweetArchiver", "TweetArchiver\TweetArchiver.csproj", "{116CC466-CC43-41EF-AD2B-86D07A96406E}"
EndProject
Global
	GlobalSection(SolutionConfigurationPlatforms) = preSolution
		Debug|Any CPU = Debug|Any CPU
		Release|Any CPU = Release|Any CPU
	EndGlobalSection
	GlobalSection(ProjectConfigurationPlatforms) = postSolution
		{116CC466-CC43-41EF-AD2B-86D07A96406E}.Debug|Any CPU.ActiveCfg = Debug|Any CPU
		{116CC466-CC43-41EF-AD2B-86D07A96406E}.Debug|Any CPU.Build.0 = Debug|Any CPU
		{116CC466-CC43-41EF-AD2B-86D07A96406E}.Release|Any CPU.ActiveCfg = Release|Any CPU
		{116CC466-CC43-41EF-AD2B-86D07A96406E}.Release|Any CPU.Build.0 = Release|Any CPU
	EndGlobalSection
	GlobalSection(SolutionProperties) = preSolution
		HideSolutionNode = FALSE
	EndGlobalSection
	GlobalSection(ExtensibilityGlobals) = postSolution
		SolutionGuid = {CF0A98BB-AA33-41C9-8FD8-86DA66A340AF}
	EndGlobalSection
EndGlobal
